{
  "name": "a",
  "version": "1.0.0",
  "lockfileVersion": 3,
  "requires": true,
  "packages": {
    "": {
      "name": "a",
      "version": "1.0.0",
      "license": "ISC",
      "workspaces": [
        "packages/**"
      ],
      "dependencies": {
        "dedupe": "4.0.2",
        "fast-cartesian": "9.0.0",
        "is-sorted": "1.0.4"
      },
      "devDependencies": {
        "decamelize": "6.0.0",
        "strip-ansi": "7.2.0",
        "to-pascal-case": "1.0.0"
      }
    },
    "node_modules/ansi-regex": {
      "version": "6.2.2",
      "resolved": "https://registry.npmjs.org/ansi-regex/-/ansi-regex-6.2.2.tgz",
      "integrity": "sha512-Bq3SmSpyFHaWjPk8If9yc6svM8c56dB5BAtW4Qbw5jHTwwXXcTLoRMkpDJp6VL0XzlWaCHTXrkFURMYmD0sLqg==",
      "dev": true,
      "engines": {
        "node": ">=12"
      },
      "funding": {
        "url": "https://github.com/chalk/ansi-regex?sponsor=1"
      }
    },
    "node_modules/aws1": {
      "resolved": "packages/aws1",
      "link": true
    },
    "node_modules/aws2": {
      "resolved": "packages/aws2",
      "link": true
    },
    "node_modules/count-days-in-month": {
      "version": "1.0.0",
      "resolved": "https://registry.npmjs.org/count-days-in-month/-/count-days-in-month-1.0.0.tgz",
      "integrity": "sha512-czrHMKHgciuWrWJowQ1MTIexhx0FzpbL4Dn2QGU70blqdhCQZS5QwWNBqK/kHWMqiCy/ph00YHHci7J+qrD/ww==",
      "dependencies": {
        "is-natural-number": "^4.0.1"
      }
    },
    "node_modules/decamelize": {
      "version": "6.0.0",
      "resolved": "https://registry.npmjs.org/decamelize/-/decamelize-6.0.0.tgz",
      "integrity": "sha512-Fv96DCsdOgB6mdGl67MT5JaTNKRzrzill5OH5s8bjYJXVlcXyPYGyPsUkWyGV5p1TXI5esYIYMMeDJL0hEIwaA==",
      "dev": true,
      "engines": {
        "node": "^12.20.0 || ^14.13.1 || >=16.0.0"
      },
      "funding": {
        "url": "https://github.com/sponsors/sindresorhus"
      }
    },
    "node_modules/dedupe": {
      "version": "4.0.2",
      "resolved": "https://registry.npmjs.org/dedupe/-/dedupe-4.0.2.tgz",
      "integrity": "sha512-HTltbEJKZtOXA9RsABS5Q+sbS3dwHKEyCk2vkZSxh5q2bsH/tBOT6Bo/Y37OkrUUABeYLfuojhuZceSVtqXRpw==",
      "engines": {
        "node": ">=4.0"
      }
    },
    "node_modules/fast-cartesian": {
      "version": "9.0.0",
      "resolved": "https://registry.npmjs.org/fast-cartesian/-/fast-cartesian-9.0.0.tgz",
      "integrity": "sha512-LhA/pEHPjtYriSciPOSnI2r/PxJFCfkv/kqeI02wwHdwRD2PQKpnIkjOg0iU4sA4l5AiGKCjAERLdZURtIKfPg==",
      "engines": {
        "node": ">=18.18.0"
      }
    },
    "node_modules/is-natural-number": {
      "version": "4.0.1",
      "resolved": "https://registry.npmjs.org/is-natural-number/-/is-natural-number-4.0.1.tgz",
      "integrity": "sha512-Y4LTamMe0DDQIIAlaer9eKebAlDSV6huy+TWhJVPlzZh2o4tRP5SQWFlLn5N0To4mDD22/qdOq+veo1cSISLgQ=="
    },
    "node_modules/is-sorted": {
      "version": "1.0.4",
      "resolved": "https://registry.npmjs.org/is-sorted/-/is-sorted-1.0.4.tgz",
      "integrity": "sha512-uI3448g+UCXDRczuswU0ORid+IoV6LqAiJ6mQ+xcH/ATYlwPxdqprXrvohurE0+tUMptCdduewLe2/0M9kR0OA=="
    },
    "node_modules/strip-ansi": {
      "version": "7.2.0",
      "resolved": "https://registry.npmjs.org/strip-ansi/-/strip-ansi-7.2.0.tgz",
      "integrity": "sha512-yDPMNjp4WyfYBkHnjIRLfca1i6KMyGCtsVgoKe/z1+6vukgaENdgGBZt+ZmKPc4gavvEZ5OgHfHdrazhgNyG7w==",
      "dev": true,
      "dependencies": {
        "ansi-regex": "^6.2.2"
      },
      "engines": {
        "node": ">=12"
      },
      "funding": {
        "url": "https://github.com/chalk/strip-ansi?sponsor=1"
      }
    },
    "node_modules/to-no-case": {
      "version": "1.0.2",
      "resolved": "https://registry.npmjs.org/to-no-case/-/to-no-case-1.0.2.tgz",
      "integrity": "sha512-Z3g735FxuZY8rodxV4gH7LxClE4H0hTIyHNIHdk+vpQxjLm0cwnKXq/OFVZ76SOQmto7txVcwSCwkU5kqp+FKg=="
    },
    "node_modules/to-pascal-case": {
      "version": "1.0.0",
      "resolved": "https://registry.npmjs.org/to-pascal-case/-/to-pascal-case-1.0.0.tgz",
      "integrity": "sha512-QGMWHqM6xPrcQW57S23c5/3BbYb0Tbe9p+ur98ckRnGDwD4wbbtDiYI38CfmMKNB5Iv0REjs5SNDntTwvDxzZA==",
      "dev": true,
      "dependencies": {
        "to-space-case": "^1.0.0"
      }
    },
    "node_modules/to-space-case": {
      "version": "1.0.0",
      "resolved": "https://registry.npmjs.org/to-space-case/-/to-space-case-1.0.0.tgz",
      "integrity": "sha512-rLdvwXZ39VOn1IxGL3V6ZstoTbwLRckQmn/U8ZDLuWwIXNpuZDhQ3AiRUlhTbOXFVE9C+dR51wM0CBDhk31VcA==",
      "dependencies": {
        "to-no-case": "^1.0.0"
      }
    },
    "packages/aws1": {
      "version": "1.0.0",
      "license": "ISC",
      "dependencies": {
        "count-days-in-month": "^1.0.0",
        "to-space-case": "0.1.3"
      }
    },
    "packages/aws1/node_modules/to-no-case": {
      "version": "0.1.2",
      "resolved": "https://registry.npmjs.org/to-no-case/-/to-no-case-0.1.2.tgz",
      "integrity": "sha512-8EdD6ACY4M4UlQX6rX4TMG6TypGI6tDbD80nhWiPDImHuu7ndsQbUrh2KQedhkNx90OpTurtv9OSTCBbq4yfLw=="
    },
    "packages/aws1/node_modules/to-space-case": {
      "version": "0.1.3",
      "resolved": "https://registry.npmjs.org/to-space-case/-/to-space-case-0.1.3.tgz",
      "integrity": "sha512-No/C8fjUx7NdEi/+uoxWG0uiI12/5atXQiXcJiEw+IfMyuBfXYtgUZGa0NNSFjEAhoXGvS9rM8wI5JanyD548w==",
      "dependencies": {
        "to-no-case": "0.1.2"
      }
    },
    "packages/aws2": {
      "version": "1.0.0",
      "license": "ISC",
      "dependencies": {
        "to-space-case": "1.0.0"
      }
    }
  }
}
